
Microsoft Visual Studio Solution File, Format Version 12.00
# Visual Studio Version 16
Project("{8BC9CEB8-8B4A-11D0-8D11-00A0C91BC942}") = "ALL_BUILD", "ALL_BUILD.vcxproj", "{96DC9273-8E0D-39C6-B98B-3C96149FCF00}"
	ProjectSection(ProjectDependencies) = postProject
		{E6BF2539-D7CD-3994-BFAB-AE3FD86FC0BC} = {E6BF2539-D7CD-3994-BFAB-AE3FD86FC0BC}
		{DEE4131B-87AE-3215-8618-5A17819DD166} = {DEE4131B-87AE-3215-8618-5A17819DD166}
		{4E904B53-D8DD-354F-A428-4A84E153F494} = {4E904B53-D8DD-354F-A428-4A84E153F494}
		{525AFE7B-F5F3-3BA6-8C2E-EB1B2110DB5C} = {525AFE7B-F5F3-3BA6-8C2E-EB1B2110DB5C}
	EndProjectSection
EndProject
Project("{8BC9CEB8-8B4A-11D0-8D11-00A0C91BC942}") = "ZERO_CHECK", "ZERO_CHECK.vcxproj", "{E6BF2539-D7CD-3994-BFAB-AE3FD86FC0BC}"
	ProjectSection(ProjectDependencies) = postProject
	EndProjectSection
EndProject
Project("{8BC9CEB8-8B4A-11D0-8D11-00A0C91BC942}") = "e_k_arm_bandit", "includes\algorithms\e_k_arm_bandit.vcxproj", "{DEE4131B-87AE-3215-8618-5A17819DD166}"
	ProjectSection(ProjectDependencies) = postProject
		{E6BF2539-D7CD-3994-BFAB-AE3FD86FC0BC} = {E6BF2539-D7CD-3994-BFAB-AE3FD86FC0BC}
	EndProjectSection
EndProject
Project("{8BC9CEB8-8B4A-11D0-8D11-00A0C91BC942}") = "k_arm_bandit", "includes\algorithms\k_arm_bandit.vcxproj", "{4E904B53-D8DD-354F-A428-4A84E153F494}"
	ProjectSection(ProjectDependencies) = postProject
		{E6BF2539-D7CD-3994-BFAB-AE3FD86FC0BC} = {E6BF2539-D7CD-3994-BFAB-AE3FD86FC0BC}
	EndProjectSection
EndProject
Project("{8BC9CEB8-8B4A-11D0-8D11-00A0C91BC942}") = "main", "main.vcxproj", "{525AFE7B-F5F3-3BA6-8C2E-EB1B2110DB5C}"
	ProjectSection(ProjectDependencies) = postProject
		{E6BF2539-D7CD-3994-BFAB-AE3FD86FC0BC} = {E6BF2539-D7CD-3994-BFAB-AE3FD86FC0BC}
		{DEE4131B-87AE-3215-8618-5A17819DD166} = {DEE4131B-87AE-3215-8618-5A17819DD166}
		{4E904B53-D8DD-354F-A428-4A84E153F494} = {4E904B53-D8DD-354F-A428-4A84E153F494}
	EndProjectSection
EndProject
Global
	GlobalSection(SolutionConfigurationPlatforms) = preSolution
		Debug|x64 = Debug|x64
		Release|x64 = Release|x64
		MinSizeRel|x64 = MinSizeRel|x64
		RelWithDebInfo|x64 = RelWithDebInfo|x64
	EndGlobalSection
	GlobalSection(ProjectConfigurationPlatforms) = postSolution
		{96DC9273-8E0D-39C6-B98B-3C96149FCF00}.Debug|x64.ActiveCfg = Debug|x64
		{96DC9273-8E0D-39C6-B98B-3C96149FCF00}.Release|x64.ActiveCfg = Release|x64
		{96DC9273-8E0D-39C6-B98B-3C96149FCF00}.MinSizeRel|x64.ActiveCfg = MinSizeRel|x64
		{96DC9273-8E0D-39C6-B98B-3C96149FCF00}.RelWithDebInfo|x64.ActiveCfg = RelWithDebInfo|x64
		{E6BF2539-D7CD-3994-BFAB-AE3FD86FC0BC}.Debug|x64.ActiveCfg = Debug|x64
		{E6BF2539-D7CD-3994-BFAB-AE3FD86FC0BC}.Debug|x64.Build.0 = Debug|x64
		{E6BF2539-D7CD-3994-BFAB-AE3FD86FC0BC}.Release|x64.ActiveCfg = Release|x64
		{E6BF2539-D7CD-3994-BFAB-AE3FD86FC0BC}.Release|x64.Build.0 = Release|x64
		{E6BF2539-D7CD-3994-BFAB-AE3FD86FC0BC}.MinSizeRel|x64.ActiveCfg = MinSizeRel|x64
		{E6BF2539-D7CD-3994-BFAB-AE3FD86FC0BC}.MinSizeRel|x64.Build.0 = MinSizeRel|x64
		{E6BF2539-D7CD-3994-BFAB-AE3FD86FC0BC}.RelWithDebInfo|x64.ActiveCfg = RelWithDebInfo|x64
		{E6BF2539-D7CD-3994-BFAB-AE3FD86FC0BC}.RelWithDebInfo|x64.Build.0 = RelWithDebInfo|x64
		{DEE4131B-87AE-3215-8618-5A17819DD166}.Debug|x64.ActiveCfg = Debug|x64
		{DEE4131B-87AE-3215-8618-5A17819DD166}.Debug|x64.Build.0 = Debug|x64
		{DEE4131B-87AE-3215-8618-5A17819DD166}.Release|x64.ActiveCfg = Release|x64
		{DEE4131B-87AE-3215-8618-5A17819DD166}.Release|x64.Build.0 = Release|x64
		{DEE4131B-87AE-3215-8618-5A17819DD166}.MinSizeRel|x64.ActiveCfg = MinSizeRel|x64
		{DEE4131B-87AE-3215-8618-5A17819DD166}.MinSizeRel|x64.Build.0 = MinSizeRel|x64
		{DEE4131B-87AE-3215-8618-5A17819DD166}.RelWithDebInfo|x64.ActiveCfg = RelWithDebInfo|x64
		{DEE4131B-87AE-3215-8618-5A17819DD166}.RelWithDebInfo|x64.Build.0 = RelWithDebInfo|x64
		{4E904B53-D8DD-354F-A428-4A84E153F494}.Debug|x64.ActiveCfg = Debug|x64
		{4E904B53-D8DD-354F-A428-4A84E153F494}.Debug|x64.Build.0 = Debug|x64
		{4E904B53-D8DD-354F-A428-4A84E153F494}.Release|x64.ActiveCfg = Release|x64
		{4E904B53-D8DD-354F-A428-4A84E153F494}.Release|x64.Build.0 = Release|x64
		{4E904B53-D8DD-354F-A428-4A84E153F494}.MinSizeRel|x64.ActiveCfg = MinSizeRel|x64
		{4E904B53-D8DD-354F-A428-4A84E153F494}.MinSizeRel|x64.Build.0 = MinSizeRel|x64
		{4E904B53-D8DD-354F-A428-4A84E153F494}.RelWithDebInfo|x64.ActiveCfg = RelWithDebInfo|x64
		{4E904B53-D8DD-354F-A428-4A84E153F494}.RelWithDebInfo|x64.Build.0 = RelWithDebInfo|x64
		{525AFE7B-F5F3-3BA6-8C2E-EB1B2110DB5C}.Debug|x64.ActiveCfg = Debug|x64
		{525AFE7B-F5F3-3BA6-8C2E-EB1B2110DB5C}.Debug|x64.Build.0 = Debug|x64
		{525AFE7B-F5F3-3BA6-8C2E-EB1B2110DB5C}.Release|x64.ActiveCfg = Release|x64
		{525AFE7B-F5F3-3BA6-8C2E-EB1B2110DB5C}.Release|x64.Build.0 = Release|x64
		{525AFE7B-F5F3-3BA6-8C2E-EB1B2110DB5C}.MinSizeRel|x64.ActiveCfg = MinSizeRel|x64
		{525AFE7B-F5F3-3BA6-8C2E-EB1B2110DB5C}.MinSizeRel|x64.Build.0 = MinSizeRel|x64
		{525AFE7B-F5F3-3BA6-8C2E-EB1B2110DB5C}.RelWithDebInfo|x64.ActiveCfg = RelWithDebInfo|x64
		{525AFE7B-F5F3-3BA6-8C2E-EB1B2110DB5C}.RelWithDebInfo|x64.Build.0 = RelWithDebInfo|x64
	EndGlobalSection
	GlobalSection(ExtensibilityGlobals) = postSolution
		SolutionGuid = {312392C1-A9DD-3BA9-B43F-5DCBECAEC591}
	EndGlobalSection
	GlobalSection(ExtensibilityAddIns) = postSolution
	EndGlobalSection
EndGlobal
